<?xml version="1.0" encoding="utf-8"?>
<Project ToolsVersion="4.0" xmlns="http://schemas.microsoft.com/developer/msbuild/2003">
  <ItemGroup>
    <Filter Include="源文件">
      <UniqueIdentifier>{4FC737F1-C7A5-4376-A066-2A32D752A2FF}</UniqueIdentifier>
      <Extensions>cpp;c;cc;cxx;def;odl;idl;hpj;bat;asm;asmx</Extensions>
    </Filter>
    <Filter Include="头文件">
      <UniqueIdentifier>{93995380-89BD-4b04-88EB-625FBE52EBFB}</UniqueIdentifier>
      <Extensions>h;hh;hpp;hxx;hm;inl;inc;ipp;xsd</Extensions>
    </Filter>
    <Filter Include="资源文件">
      <UniqueIdentifier>{67DA6AB6-F800-4c08-8B7A-83BB121AAD01}</UniqueIdentifier>
      <Extensions>rc;ico;cur;bmp;dlg;rc2;rct;bin;rgs;gif;jpg;jpeg;jpe;resx;tiff;tif;png;wav;mfcribbon-ms</Extensions>
    </Filter>
  </ItemGroup>
  <ItemGroup>
    <ClInclude Include="pch.h">
      <Filter>头文件</Filter>
    </ClInclude>
    <ClInclude Include="twoArraySearch.h">
      <Filter>头文件</Filter>
    </ClInclude>
    <ClInclude Include="replaceSpace.h">
      <Filter>头文件</Filter>
    </ClInclude>
  </ItemGroup>
  <ItemGroup>
    <ClCompile Include="pch.cpp">
      <Filter>源文件</Filter>
    </ClCompile>
    <ClCompile Include="twoArraySearch.cpp">
      <Filter>源文件</Filter>
    </ClCompile>
    <ClCompile Include="replaceSpace.cpp">
      <Filter>源文件</Filter>
    </ClCompile>
    <ClCompile Include="parseBigLittle.cpp">
      <Filter>源文件</Filter>
    </ClCompile>
    <ClCompile Include="maxCube.cpp">
      <Filter>源文件</Filter>
    </ClCompile>
    <ClCompile Include="isBST.cpp">
      <Filter>源文件</Filter>
    </ClCompile>
    <ClCompile Include="maxCount.cpp">
      <Filter>源文件</Filter>
    </ClCompile>
    <ClCompile Include="duplictaeNumArray.cpp">
      <Filter>源文件</Filter>
    </ClCompile>
    <ClCompile Include="PrintListFromTailToHead.cpp">
      <Filter>源文件</Filter>
    </ClCompile>
    <ClCompile Include="ReConstructBinaryTree.cpp">
      <Filter>源文件</Filter>
    </ClCompile>
    <ClCompile Include="GetTreeNext.cpp">
      <Filter>源文件</Filter>
    </ClCompile>
    <ClCompile Include="JumpFloor.cpp">
      <Filter>源文件</Filter>
    </ClCompile>
    <ClCompile Include="MinNumberInRotateArray.cpp">
      <Filter>源文件</Filter>
    </ClCompile>
    <ClCompile Include="MergeTwoArray.cpp">
      <Filter>源文件</Filter>
    </ClCompile>
    <ClCompile Include="matrixHasPath.cpp">
      <Filter>源文件</Filter>
    </ClCompile>
    <ClCompile Include="MachineMovingCount.cpp">
      <Filter>源文件</Filter>
    </ClCompile>
    <ClCompile Include="NumberOf1.cpp">
      <Filter>源文件</Filter>
    </ClCompile>
    <ClCompile Include="Power.cpp">
      <Filter>源文件</Filter>
    </ClCompile>
    <ClCompile Include="Print1ToMaxinumOfNDigits.cpp">
      <Filter>源文件</Filter>
    </ClCompile>
    <ClCompile Include="DelDuplicateNode.cpp">
      <Filter>源文件</Filter>
    </ClCompile>
    <ClCompile Include="Match.cpp">
      <Filter>源文件</Filter>
    </ClCompile>
    <ClCompile Include="IsNumeric.cpp">
      <Filter>源文件</Filter>
    </ClCompile>
    <ClCompile Include="Mirror.cpp">
      <Filter>源文件</Filter>
    </ClCompile>
    <ClCompile Include="SymmetricalTree.cpp">
      <Filter>源文件</Filter>
    </ClCompile>
    <ClCompile Include="NumberOf1BetweenAndN.cpp">
      <Filter>源文件</Filter>
    </ClCompile>
    <ClCompile Include="PrintMinNumber.cpp">
      <Filter>源文件</Filter>
    </ClCompile>
    <ClCompile Include="UniquePaths.cpp">
      <Filter>源文件</Filter>
    </ClCompile>
  </ItemGroup>
</Project>